
Microsoft Visual Studio Solution File, Format Version 12.00
# Visual Studio Version 16
VisualStudioVersion = 16.0.30225.117
MinimumVisualStudioVersion = 10.0.40219.1
Project("{FAE04EC0-301F-11D3-BF4B-00C04F79EFBC}") = "PersembeGunu17AralikUyg", "PersembeGunu17AralikUyg\PersembeGunu17AralikUyg.csproj", "{1BB3D77C-7D76-4353-82D0-935775D60C0A}"
EndProject
Global
	GlobalSection(SolutionConfigurationPlatforms) = preSolution
		Debug|Any CPU = Debug|Any CPU
		Release|Any CPU = Release|Any CPU
	EndGlobalSection
	GlobalSection(ProjectConfigurationPlatforms) = postSolution
		{1BB3D77C-7D76-4353-82D0-935775D60C0A}.Debug|Any CPU.ActiveCfg = Debug|Any CPU
		{1BB3D77C-7D76-4353-82D0-935775D60C0A}.Debug|Any CPU.Build.0 = Debug|Any CPU
		{1BB3D77C-7D76-4353-82D0-935775D60C0A}.Release|Any CPU.ActiveCfg = Release|Any CPU
		{1BB3D77C-7D76-4353-82D0-935775D60C0A}.Release|Any CPU.Build.0 = Release|Any CPU
	EndGlobalSection
	GlobalSection(SolutionProperties) = preSolution
		HideSolutionNode = FALSE
	EndGlobalSection
	GlobalSection(ExtensibilityGlobals) = postSolution
		SolutionGuid = {054BEFBC-1F11-4E6F-A258-633C1EAA0910}
	EndGlobalSection
EndGlobal
